
Microsoft Visual Studio Solution File, Format Version 12.00
# Visual Studio 15
VisualStudioVersion = 15.0.28307.572
MinimumVisualStudioVersion = 10.0.40219.1
Project("{FAE04EC0-301F-11D3-BF4B-00C04F79EFBC}") = "WGRDShowDestructionPoints", "WGRDShowDestructionPoints\WGRDShowDestructionPoints.csproj", "{5C0365CB-2E8D-4085-9D4D-E2E6C9606AB3}"
EndProject
Global
	GlobalSection(SolutionConfigurationPlatforms) = preSolution
		Debug|Any CPU = Debug|Any CPU
		Release|Any CPU = Release|Any CPU
	EndGlobalSection
	GlobalSection(ProjectConfigurationPlatforms) = postSolution
		{5C0365CB-2E8D-4085-9D4D-E2E6C9606AB3}.Debug|Any CPU.ActiveCfg = Debug|Any CPU
		{5C0365CB-2E8D-4085-9D4D-E2E6C9606AB3}.Debug|Any CPU.Build.0 = Debug|Any CPU
		{5C0365CB-2E8D-4085-9D4D-E2E6C9606AB3}.Release|Any CPU.ActiveCfg = Release|Any CPU
		{5C0365CB-2E8D-4085-9D4D-E2E6C9606AB3}.Release|Any CPU.Build.0 = Release|Any CPU
	EndGlobalSection
	GlobalSection(SolutionProperties) = preSolution
		HideSolutionNode = FALSE
	EndGlobalSection
	GlobalSection(ExtensibilityGlobals) = postSolution
		SolutionGuid = {C40B1B61-F35F-4E98-ADD0-16D216BB98BA}
	EndGlobalSection
EndGlobal
